
Microsoft Visual Studio Solution File, Format Version 12.00
# Visual Studio Version 17
VisualStudioVersion = 17.14.36401.2 d17.14
MinimumVisualStudioVersion = 10.0.40219.1
Project("{FAE04EC0-301F-11D3-BF4B-00C04F79EFBC}") = "PickleballStore.MVC", "PickleballStore.MVC\PickleballStore.MVC.csproj", "{8DDBA5D4-840D-483A-8D0F-7DB5397D42F4}"
EndProject
Project("{FAE04EC0-301F-11D3-BF4B-00C04F79EFBC}") = "PickleballStore.DAL", "PickleballStore.DAL\PickleballStore.DAL.csproj", "{6D4ECB8D-6F88-4B45-8A2B-22056B6B1C36}"
EndProject
Project("{FAE04EC0-301F-11D3-BF4B-00C04F79EFBC}") = "PickleballStore.BLL", "PickleballStore.BLL\PickleballStore.BLL.csproj", "{159E1EE3-42BB-4870-8A0E-BCD03661C68D}"
EndProject
Global
	GlobalSection(SolutionConfigurationPlatforms) = preSolution
		Debug|Any CPU = Debug|Any CPU
		Release|Any CPU = Release|Any CPU
	EndGlobalSection
	GlobalSection(ProjectConfigurationPlatforms) = postSolution
		{8DDBA5D4-840D-483A-8D0F-7DB5397D42F4}.Debug|Any CPU.ActiveCfg = Debug|Any CPU
		{8DDBA5D4-840D-483A-8D0F-7DB5397D42F4}.Debug|Any CPU.Build.0 = Debug|Any CPU
		{8DDBA5D4-840D-483A-8D0F-7DB5397D42F4}.Release|Any CPU.ActiveCfg = Release|Any CPU
		{8DDBA5D4-840D-483A-8D0F-7DB5397D42F4}.Release|Any CPU.Build.0 = Release|Any CPU
		{6D4ECB8D-6F88-4B45-8A2B-22056B6B1C36}.Debug|Any CPU.ActiveCfg = Debug|Any CPU
		{6D4ECB8D-6F88-4B45-8A2B-22056B6B1C36}.Debug|Any CPU.Build.0 = Debug|Any CPU
		{6D4ECB8D-6F88-4B45-8A2B-22056B6B1C36}.Release|Any CPU.ActiveCfg = Release|Any CPU
		{6D4ECB8D-6F88-4B45-8A2B-22056B6B1C36}.Release|Any CPU.Build.0 = Release|Any CPU
		{159E1EE3-42BB-4870-8A0E-BCD03661C68D}.Debug|Any CPU.ActiveCfg = Debug|Any CPU
		{159E1EE3-42BB-4870-8A0E-BCD03661C68D}.Debug|Any CPU.Build.0 = Debug|Any CPU
		{159E1EE3-42BB-4870-8A0E-BCD03661C68D}.Release|Any CPU.ActiveCfg = Release|Any CPU
		{159E1EE3-42BB-4870-8A0E-BCD03661C68D}.Release|Any CPU.Build.0 = Release|Any CPU
	EndGlobalSection
	GlobalSection(SolutionProperties) = preSolution
		HideSolutionNode = FALSE
	EndGlobalSection
	GlobalSection(ExtensibilityGlobals) = postSolution
		SolutionGuid = {0047C0EE-E0F9-44F4-B40B-111B52D3B376}
	EndGlobalSection
EndGlobal
